
Microsoft Visual Studio Solution File, Format Version 12.00
Project("{FAE04EC0-301F-11D3-BF4B-00C04F79EFBC}") = "ButtBot.Discord", "ButtBot.Discord\ButtBot.Discord.csproj", "{027C2C57-D45B-4F31-A475-8E299638E181}"
EndProject
Project("{FAE04EC0-301F-11D3-BF4B-00C04F79EFBC}") = "ButtBot.Library", "ButtBot.Library\ButtBot.Library.csproj", "{9106A1C9-D726-4C76-AA57-6742113EC12B}"
EndProject
Project("{FAE04EC0-301F-11D3-BF4B-00C04F79EFBC}") = "ButtBot.Core", "ButtBot.Core\ButtBot.Core.csproj", "{5C29B229-0CC5-4F23-9C42-30222FB770DB}"
EndProject
Project("{FAE04EC0-301F-11D3-BF4B-00C04F79EFBC}") = "ButtBot.Twitch", "ButtBot.Twitch\ButtBot.Twitch.csproj", "{93193152-E349-4176-8A36-D4DFC127F6EB}"
EndProject
Project("{FAE04EC0-301F-11D3-BF4B-00C04F79EFBC}") = "ButtBot.Website", "ButtBot.Website\ButtBot.Website.csproj", "{3C35299C-5935-486F-8FC6-18704F59048B}"
EndProject
Global
	GlobalSection(SolutionConfigurationPlatforms) = preSolution
		Debug|Any CPU = Debug|Any CPU
		Release|Any CPU = Release|Any CPU
	EndGlobalSection
	GlobalSection(ProjectConfigurationPlatforms) = postSolution
		{027C2C57-D45B-4F31-A475-8E299638E181}.Debug|Any CPU.ActiveCfg = Debug|Any CPU
		{027C2C57-D45B-4F31-A475-8E299638E181}.Debug|Any CPU.Build.0 = Debug|Any CPU
		{027C2C57-D45B-4F31-A475-8E299638E181}.Release|Any CPU.ActiveCfg = Release|Any CPU
		{027C2C57-D45B-4F31-A475-8E299638E181}.Release|Any CPU.Build.0 = Release|Any CPU
		{9106A1C9-D726-4C76-AA57-6742113EC12B}.Debug|Any CPU.ActiveCfg = Debug|Any CPU
		{9106A1C9-D726-4C76-AA57-6742113EC12B}.Debug|Any CPU.Build.0 = Debug|Any CPU
		{9106A1C9-D726-4C76-AA57-6742113EC12B}.Release|Any CPU.ActiveCfg = Release|Any CPU
		{9106A1C9-D726-4C76-AA57-6742113EC12B}.Release|Any CPU.Build.0 = Release|Any CPU
		{5C29B229-0CC5-4F23-9C42-30222FB770DB}.Debug|Any CPU.ActiveCfg = Debug|Any CPU
		{5C29B229-0CC5-4F23-9C42-30222FB770DB}.Debug|Any CPU.Build.0 = Debug|Any CPU
		{5C29B229-0CC5-4F23-9C42-30222FB770DB}.Release|Any CPU.ActiveCfg = Release|Any CPU
		{5C29B229-0CC5-4F23-9C42-30222FB770DB}.Release|Any CPU.Build.0 = Release|Any CPU
		{93193152-E349-4176-8A36-D4DFC127F6EB}.Debug|Any CPU.ActiveCfg = Debug|Any CPU
		{93193152-E349-4176-8A36-D4DFC127F6EB}.Debug|Any CPU.Build.0 = Debug|Any CPU
		{93193152-E349-4176-8A36-D4DFC127F6EB}.Release|Any CPU.ActiveCfg = Release|Any CPU
		{93193152-E349-4176-8A36-D4DFC127F6EB}.Release|Any CPU.Build.0 = Release|Any CPU
		{3C35299C-5935-486F-8FC6-18704F59048B}.Debug|Any CPU.ActiveCfg = Debug|Any CPU
		{3C35299C-5935-486F-8FC6-18704F59048B}.Debug|Any CPU.Build.0 = Debug|Any CPU
		{3C35299C-5935-486F-8FC6-18704F59048B}.Release|Any CPU.ActiveCfg = Release|Any CPU
		{3C35299C-5935-486F-8FC6-18704F59048B}.Release|Any CPU.Build.0 = Release|Any CPU
	EndGlobalSection
EndGlobal
